// !$*UTF8*$!
{
	archiveVersion = 1;
	classes = {
	};
	objectVersion = 48;
	objects = {

/* Begin PBXBuildFile section */
		1890002920A81D6100A5DB75 /* viewControllerExtension.swift in Sources */ = {isa = PBXBuildFile; fileRef = 1890002820A81D6100A5DB75 /* viewControllerExtension.swift */; };
		189C238120A2CD7B007884DB /* AppDelegate.swift in Sources */ = {isa = PBXBuildFile; fileRef = 189C238020A2CD7B007884DB /* AppDelegate.swift */; };
		189C238320A2CD7B007884DB /* ViewController.swift in Sources */ = {isa = PBXBuildFile; fileRef = 189C238220A2CD7B007884DB /* ViewController.swift */; };
		189C238620A2CD7C007884DB /* Main.storyboard in Resources */ = {isa = PBXBuildFile; fileRef = 189C238420A2CD7C007884DB /* Main.storyboard */; };
		189C238820A2CD7D007884DB /* Assets.xcassets in Resources */ = {isa = PBXBuildFile; fileRef = 189C238720A2CD7D007884DB /* Assets.xcassets */; };
		189C238B20A2CD7D007884DB /* LaunchScreen.storyboard in Resources */ = {isa = PBXBuildFile; fileRef = 189C238920A2CD7D007884DB /* LaunchScreen.storyboard */; };
/* End PBXBuildFile section */

/* Begin PBXFileReference section */
		1890002820A81D6100A5DB75 /* viewControllerExtension.swift */ = {isa = PBXFileReference; lastKnownFileType = sourcecode.swift; path = viewControllerExtension.swift; sourceTree = "<group>"; };
		189C237D20A2CD7B007884DB /* calculatorProgrammatically.app */ = {isa = PBXFileReference; explicitFileType = wrapper.application; includeInIndex = 0; path = calculatorProgrammatically.app; sourceTree = BUILT_PRODUCTS_DIR; };
		189C238020A2CD7B007884DB /* AppDelegate.swift */ = {isa = PBXFileReference; lastKnownFileType = sourcecode.swift; path = AppDelegate.swift; sourceTree = "<group>"; };
		189C238220A2CD7B007884DB /* ViewController.swift */ = {isa = PBXFileReference; lastKnownFileType = sourcecode.swift; path = ViewController.swift; sourceTree = "<group>"; };
		189C238520A2CD7C007884DB /* Base */ = {isa = PBXFileReference; lastKnownFileType = file.storyboard; name = Base; path = Base.lproj/Main.storyboard; sourceTree = "<group>"; };
		189C238720A2CD7D007884DB /* Assets.xcassets */ = {isa = PBXFileReference; lastKnownFileType = folder.assetcatalog; path = Assets.xcassets; sourceTree = "<group>"; };
		189C238A20A2CD7D007884DB /* Base */ = {isa = PBXFileReference; lastKnownFileType = file.storyboard; name = Base; path = Base.lproj/LaunchScreen.storyboard; sourceTree = "<group>"; };
		189C238C20A2CD7E007884DB /* Info.plist */ = {isa = PBXFileReference; lastKnownFileType = text.plist.xml; path = Info.plist; sourceTree = "<group>"; };
/* End PBXFileReference section */

/* Begin PBXFrameworksBuildPhase section */
		189C237A20A2CD7A007884DB /* Frameworks */ = {
			isa = PBXFrameworksBuildPhase;
			buildActionMask = 2147483647;
			files = (
			);
			runOnlyForDeploymentPostprocessing = 0;
		};
/* End PBXFrameworksBuildPhase section */

/* Begin PBXGroup section */
		189C237420A2CD7A007884DB = {
			isa = PBXGroup;
			children = (
				189C237F20A2CD7B007884DB /* calculatorProgrammatically */,
				189C237E20A2CD7B007884DB /* Products */,
			);
			sourceTree = "<group>";
		};
		189C237E20A2CD7B007884DB /* Products */ = {
			isa = PBXGroup;
			children = (
				189C237D20A2CD7B007884DB /* calculatorProgrammatically.app */,
			);
			name = Products;
			sourceTree = "<group>";
		};
		189C237F20A2CD7B007884DB /* calculatorProgrammatically */ = {
			isa = PBXGroup;
			children = (
				189C238020A2CD7B007884DB /* AppDelegate.swift */,
				189C238220A2CD7B007884DB /* ViewController.swift */,
				1890002820A81D6100A5DB75 /* viewControllerExtension.swift */,
				189C238420A2CD7C007884DB /* Main.storyboard */,
				189C238720A2CD7D007884DB /* Assets.xcassets */,
				189C238920A2CD7D007884DB /* LaunchScreen.storyboard */,
				189C238C20A2CD7E007884DB /* Info.plist */,
			);
			path = calculatorProgrammatically;
			sourceTree = "<group>";
		};
/* End PBXGroup section */

/* Begin PBXNativeTarget section */
		189C237C20A2CD7A007884DB /* calculatorProgrammatically */ = {
			isa = PBXNativeTarget;
			buildConfigurationList = 189C238F20A2CD7E007884DB /* Build configuration list for PBXNativeTarget "calculatorProgrammatically" */;
			buildPhases = (
				189C237920A2CD7A007884DB /* Sources */,
				189C237A20A2CD7A007884DB /* Frameworks */,
				189C237B20A2CD7A007884DB /* Resources */,
			);
			buildRules = (
			);
			dependencies = (
			);
			name = calculatorProgrammatically;
			productName = calculatorProgrammatically;
			productReference = 189C237D20A2CD7B007884DB /* calculatorProgrammatically.app */;
			productType = "com.apple.product-type.application";
		};
/* End PBXNativeTarget section */

/* Begin PBXProject section */
		189C237520A2CD7A007884DB /* Project object */ = {
			isa = PBXProject;
			attributes = {
				LastSwiftUpdateCheck = 0920;
				LastUpgradeCheck = 0920;
				ORGANIZATIONNAME = Apple;
				TargetAttributes = {
					189C237C20A2CD7A007884DB = {
						CreatedOnToolsVersion = 9.2;
						ProvisioningStyle = Automatic;
					};
				};
			};
			buildConfigurationList = 189C237820A2CD7A007884DB /* Build configuration list for PBXProject "calculatorProgrammatically" */;
			compatibilityVersion = "Xcode 8.0";
			developmentRegion = en;
			hasScannedForEncodings = 0;
			knownRegions = (
				en,
				Base,
			);
			mainGroup = 189C237420A2CD7A007884DB;
			productRefGroup = 189C237E20A2CD7B007884DB /* Products */;
			projectDirPath = "";
			projectRoot = "";
			targets = (
				189C237C20A2CD7A007884DB /* calculatorProgrammatically */,
			);
		};
/* End PBXProject section */

/* Begin PBXResourcesBuildPhase section */
		189C237B20A2CD7A007884DB /* Resources */ = {
			isa = PBXResourcesBuildPhase;
			buildActionMask = 2147483647;
			files = (
				189C238B20A2CD7D007884DB /* LaunchScreen.storyboard in Resources */,
				189C238820A2CD7D007884DB /* Assets.xcassets in Resources */,
				189C238620A2CD7C007884DB /* Main.storyboard in Resources */,
			);
			runOnlyForDeploymentPostprocessing = 0;
		};
/* End PBXResourcesBuildPhase section */

/* Begin PBXSourcesBuildPhase section */
		189C237920A2CD7A007884DB /* Sources */ = {
			isa = PBXSourcesBuildPhase;
			buildActionMask = 2147483647;
			files = (
				189C238320A2CD7B007884DB /* ViewController.swift in Sources */,
				1890002920A81D6100A5DB75 /* viewControllerExtension.swift in Sources */,
				189C238120A2CD7B007884DB /* AppDelegate.swift in Sources */,
			);
			runOnlyForDeploymentPostprocessing = 0;
		};
/* End PBXSourcesBuildPhase section */

/* Begin PBXVariantGroup section */
		189C238420A2CD7C007884DB /* Main.storyboard */ = {
			isa = PBXVariantGroup;
			children = (
				189C238520A2CD7C007884DB /* Base */,
			);
			name = Main.storyboard;
			sourceTree = "<group>";
		};
		189C238920A2CD7D007884DB /* LaunchScreen.storyboard */ = {
			isa = PBXVariantGroup;
			children = (
				189C238A20A2CD7D007884DB /* Base */,
			);
			name = LaunchScreen.storyboard;
			sourceTree = "<group>";
		};
/* End PBXVariantGroup section */

/* Begin XCBuildConfiguration section */
		189C238D20A2CD7E007884DB /* Debug */ = {
			isa = XCBuildConfiguration;
			buildSettings = {
				ALWAYS_SEARCH_USER_PATHS = NO;
				CLANG_ANALYZER_NONNULL = YES;
				CLANG_ANALYZER_NUMBER_OBJECT_CONVERSION = YES_AGGRESSIVE;
				CLANG_CXX_LANGUAGE_STANDARD = "gnu++14";
				CLANG_CXX_LIBRARY = "libc++";
				CLANG_ENABLE_MODULES = YES;
				CLANG_ENABLE_OBJC_ARC = YES;
				CLANG_WARN_BLOCK_CAPTURE_AUTORELEASING = YES;
				CLANG_WARN_BOOL_CONVERSION = YES;
				CLANG_WARN_COMMA = YES;
				CLANG_WARN_CONSTANT_CONVERSION = YES;
				CLANG_WARN_DIRECT_OBJC_ISA_USAGE = YES_ERROR;
				CLANG_WARN_DOCUMENTATION_COMMENTS = YES;
				CLANG_WARN_EMPTY_BODY = YES;
				CLANG_WARN_ENUM_CONVERSION = YES;
				CLANG_WARN_INFINITE_RECURSION = YES;
				CLANG_WARN_INT_CONVERSION = YES;
				CLANG_WARN_NON_LITERAL_NULL_CONVERSION = YES;
				CLANG_WARN_OBJC_LITERAL_CONVERSION = YES;
				CLANG_WARN_OBJC_ROOT_CLASS = YES_ERROR;
				CLANG_WARN_RANGE_LOOP_ANALYSIS = YES;
				CLANG_WARN_STRICT_PROTOTYPES = YES;
				CLANG_WARN_SUSPICIOUS_MOVE = YES;
				CLANG_WARN_UNGUARDED_AVAILABILITY = YES_AGGRESSIVE;
				CLANG_WARN_UNREACHABLE_CODE = YES;
				CLANG_WARN__DUPLICATE_METHOD_MATCH = YES;
				CODE_SIGN_IDENTITY = "iPhone Developer";
				COPY_PHASE_STRIP = NO;
				DEBUG_INFORMATION_FORMAT = dwarf;
				ENABLE_STRICT_OBJC_MSGSEND = YES;
				ENABLE_TESTABILITY = YES;
				GCC_C_LANGUAGE_STANDARD = gnu11;
				GCC_DYNAMIC_NO_PIC = NO;
				GCC_NO_COMMON_BLOCKS = YES;
				GCC_OPTIMIZATION_LEVEL = 0;
				GCC_PREPROCESSOR_DEFINITIONS = (
					"DEBUG=1",
					"$(inherited)",
				);
				GCC_WARN_64_TO_32_BIT_CONVERSION = YES;
				GCC_WARN_ABOUT_RETURN_TYPE = YES_ERROR;
				GCC_WARN_UNDECLARED_SELECTOR = YES;
				GCC_WARN_UNINITIALIZED_AUTOS = YES_AGGRESSIVE;
				GCC_WARN_UNUSED_FUNCTION = YES;
				GCC_WARN_UNUSED_VARIABLE = YES;
				IPHONEOS_DEPLOYMENT_TARGET = 11.2;
				MTL_ENABLE_DEBUG_INFO = YES;
				ONLY_ACTIVE_ARCH = YES;
				SDKROOT = iphoneos;
				SWIFT_ACTIVE_COMPILATION_CONDITIONS = DEBUG;
				SWIFT_OPTIMIZATION_LEVEL = "-Onone";
			};
			name = Debug;
		};
		189C238E20A2CD7E007884DB /* Release */ = {
			isa = XCBuildConfiguration;
			buildSettings = {
				ALWAYS_SEARCH_USER_PATHS = NO;
				CLANG_ANALYZER_NONNULL = YES;
				CLANG_ANALYZER_NUMBER_OBJECT_CONVERSION = YES_AGGRESSIVE;
				CLANG_CXX_LANGUAGE_STANDARD = "gnu++14";
				CLANG_CXX_LIBRARY = "libc++";
				CLANG_ENABLE_MODULES = YES;
				CLANG_ENABLE_OBJC_ARC = YES;
				CLANG_WARN_BLOCK_CAPTURE_AUTORELEASING = YES;
				CLANG_WARN_BOOL_CONVERSION = YES;
				CLANG_WARN_COMMA = YES;
				CLANG_WARN_CONSTANT_CONVERSION = YES;
				CLANG_WARN_DIRECT_OBJC_ISA_USAGE = YES_ERROR;
				CLANG_WARN_DOCUMENTATION_COMMENTS = YES;
				CLANG_WARN_EMPTY_BODY = YES;
				CLANG_WARN_ENUM_CONVERSION = YES;
				CLANG_WARN_INFINITE_RECURSION = YES;
				CLANG_WARN_INT_CONVERSION = YES;
				CLANG_WARN_NON_LITERAL_NULL_CONVERSION = YES;
				CLANG_WARN_OBJC_LITERAL_CONVERSION = YES;
				CLANG_WARN_OBJC_ROOT_CLASS = YES_ERROR;
				CLANG_WARN_RANGE_LOOP_ANALYSIS = YES;
				CLANG_WARN_STRICT_PROTOTYPES = YES;
				CLANG_WARN_SUSPICIOUS_MOVE = YES;
				CLANG_WARN_UNGUARDED_AVAILABILITY = YES_AGGRESSIVE;
				CLANG_WARN_UNREACHABLE_CODE = YES;
				CLANG_WARN__DUPLICATE_METHOD_MATCH = YES;
				CODE_SIGN_IDENTITY = "iPhone Developer";
				COPY_PHASE_STRIP = NO;
				DEBUG_INFORMATION_FORMAT = "dwarf-with-dsym";
				ENABLE_NS_ASSERTIONS = NO;
				ENABLE_STRICT_OBJC_MSGSEND = YES;
				GCC_C_LANGUAGE_STANDARD = gnu11;
				GCC_NO_COMMON_BLOCKS = YES;
				GCC_WARN_64_TO_32_BIT_CONVERSION = YES;
				GCC_WARN_ABOUT_RETURN_TYPE = YES_ERROR;
				GCC_WARN_UNDECLARED_SELECTOR = YES;
				GCC_WARN_UNINITIALIZED_AUTOS = YES_AGGRESSIVE;
				GCC_WARN_UNUSED_FUNCTION = YES;
				GCC_WARN_UNUSED_VARIABLE = YES;
				IPHONEOS_DEPLOYMENT_TARGET = 11.2;
				MTL_ENABLE_DEBUG_INFO = NO;
				SDKROOT = iphoneos;
				SWIFT_OPTIMIZATION_LEVEL = "-Owholemodule";
				VALIDATE_PRODUCT = YES;
			};
			name = Release;
		};
		189C239020A2CD7E007884DB /* Debug */ = {
			isa = XCBuildConfiguration;
			buildSettings = {
				ASSETCATALOG_COMPILER_APPICON_NAME = AppIcon;
				CODE_SIGN_STYLE = Automatic;
				DEVELOPMENT_TEAM = SRLL3C95WU;
				INFOPLIST_FILE = calculatorProgrammatically/Info.plist;
				LD_RUNPATH_SEARCH_PATHS = "$(inherited) @executable_path/Frameworks";
				PRODUCT_BUNDLE_IDENTIFIER = test.calculatorProgrammatically;
				PRODUCT_NAME = "$(TARGET_NAME)";
				SWIFT_VERSION = 4.0;
				TARGETED_DEVICE_FAMILY = "1,2";
			};
			name = Debug;
		};
		189C239120A2CD7E007884DB /* Release */ = {
			isa = XCBuildConfiguration;
			buildSettings = {
				ASSETCATALOG_COMPILER_APPICON_NAME = AppIcon;
				CODE_SIGN_STYLE = Automatic;
				DEVELOPMENT_TEAM = SRLL3C95WU;
				INFOPLIST_FILE = calculatorProgrammatically/Info.plist;
				LD_RUNPATH_SEARCH_PATHS = "$(inherited) @executable_path/Frameworks";
				PRODUCT_BUNDLE_IDENTIFIER = test.calculatorProgrammatically;
				PRODUCT_NAME = "$(TARGET_NAME)";
				SWIFT_VERSION = 4.0;
				TARGETED_DEVICE_FAMILY = "1,2";
			};
			name = Release;
		};
/* End XCBuildConfiguration section */

/* Begin XCConfigurationList section */
		189C237820A2CD7A007884DB /* Build configuration list for PBXProject "calculatorProgrammatically" */ = {
			isa = XCConfigurationList;
			buildConfigurations = (
				189C238D20A2CD7E007884DB /* Debug */,
				189C238E20A2CD7E007884DB /* Release */,
			);
			defaultConfigurationIsVisible = 0;
			defaultConfigurationName = Release;
		};
		189C238F20A2CD7E007884DB /* Build configuration list for PBXNativeTarget "calculatorProgrammatically" */ = {
			isa = XCConfigurationList;
			buildConfigurations = (
				189C239020A2CD7E007884DB /* Debug */,
				189C239120A2CD7E007884DB /* Release */,
			);
			defaultConfigurationIsVisible = 0;
			defaultConfigurationName = Release;
		};
/* End XCConfigurationList section */
	};
	rootObject = 189C237520A2CD7A007884DB /* Project object */;
}
